
Microsoft Visual Studio Solution File, Format Version 12.00
# Visual Studio Version 17
VisualStudioVersion = 17.3.32929.385
MinimumVisualStudioVersion = 10.0.40219.1
Project("{9A19103F-16F7-4668-BE54-9A1E7A4F7556}") = "Recipes.Domain", "Recipes.Domain\Recipes.Domain.csproj", "{41A3CE4D-69B5-467A-BE6A-9BEB8F628ED1}"
EndProject
Project("{9A19103F-16F7-4668-BE54-9A1E7A4F7556}") = "Recipes.Application", "Recipes.Application\Recipes.Application.csproj", "{DC744D5C-7FE6-4989-AECA-B1728714544F}"
EndProject
Project("{9A19103F-16F7-4668-BE54-9A1E7A4F7556}") = "Recipes.Infrastructure", "Recipes.Infrastructure\Recipes.Infrastructure.csproj", "{09092E9A-8D61-4A26-9493-8D6C70891058}"
EndProject
Project("{9A19103F-16F7-4668-BE54-9A1E7A4F7556}") = "Recipes.Contracts", "Recipes.Contracts\Recipes.Contracts.csproj", "{5F5C44D0-93E5-4679-A3E0-37B49026170C}"
EndProject
Project("{9A19103F-16F7-4668-BE54-9A1E7A4F7556}") = "Recipes.Api", "Recipes.Api\Recipes.Api.csproj", "{DDE6B5EA-8A29-418D-A597-B91F124F6FDC}"
EndProject
Project("{9A19103F-16F7-4668-BE54-9A1E7A4F7556}") = "Recipes.Presentation", "Recipes.Presentation\Recipes.Presentation.csproj", "{BE4611AC-D548-4AF5-B11B-ECE344722DAE}"
EndProject
Global
	GlobalSection(SolutionConfigurationPlatforms) = preSolution
		Debug|Any CPU = Debug|Any CPU
		Release|Any CPU = Release|Any CPU
	EndGlobalSection
	GlobalSection(ProjectConfigurationPlatforms) = postSolution
		{41A3CE4D-69B5-467A-BE6A-9BEB8F628ED1}.Debug|Any CPU.ActiveCfg = Debug|Any CPU
		{41A3CE4D-69B5-467A-BE6A-9BEB8F628ED1}.Debug|Any CPU.Build.0 = Debug|Any CPU
		{41A3CE4D-69B5-467A-BE6A-9BEB8F628ED1}.Release|Any CPU.ActiveCfg = Release|Any CPU
		{41A3CE4D-69B5-467A-BE6A-9BEB8F628ED1}.Release|Any CPU.Build.0 = Release|Any CPU
		{DC744D5C-7FE6-4989-AECA-B1728714544F}.Debug|Any CPU.ActiveCfg = Debug|Any CPU
		{DC744D5C-7FE6-4989-AECA-B1728714544F}.Debug|Any CPU.Build.0 = Debug|Any CPU
		{DC744D5C-7FE6-4989-AECA-B1728714544F}.Release|Any CPU.ActiveCfg = Release|Any CPU
		{DC744D5C-7FE6-4989-AECA-B1728714544F}.Release|Any CPU.Build.0 = Release|Any CPU
		{09092E9A-8D61-4A26-9493-8D6C70891058}.Debug|Any CPU.ActiveCfg = Debug|Any CPU
		{09092E9A-8D61-4A26-9493-8D6C70891058}.Debug|Any CPU.Build.0 = Debug|Any CPU
		{09092E9A-8D61-4A26-9493-8D6C70891058}.Release|Any CPU.ActiveCfg = Release|Any CPU
		{09092E9A-8D61-4A26-9493-8D6C70891058}.Release|Any CPU.Build.0 = Release|Any CPU
		{5F5C44D0-93E5-4679-A3E0-37B49026170C}.Debug|Any CPU.ActiveCfg = Debug|Any CPU
		{5F5C44D0-93E5-4679-A3E0-37B49026170C}.Debug|Any CPU.Build.0 = Debug|Any CPU
		{5F5C44D0-93E5-4679-A3E0-37B49026170C}.Release|Any CPU.ActiveCfg = Release|Any CPU
		{5F5C44D0-93E5-4679-A3E0-37B49026170C}.Release|Any CPU.Build.0 = Release|Any CPU
		{DDE6B5EA-8A29-418D-A597-B91F124F6FDC}.Debug|Any CPU.ActiveCfg = Debug|Any CPU
		{DDE6B5EA-8A29-418D-A597-B91F124F6FDC}.Debug|Any CPU.Build.0 = Debug|Any CPU
		{DDE6B5EA-8A29-418D-A597-B91F124F6FDC}.Release|Any CPU.ActiveCfg = Release|Any CPU
		{DDE6B5EA-8A29-418D-A597-B91F124F6FDC}.Release|Any CPU.Build.0 = Release|Any CPU
		{BE4611AC-D548-4AF5-B11B-ECE344722DAE}.Debug|Any CPU.ActiveCfg = Debug|Any CPU
		{BE4611AC-D548-4AF5-B11B-ECE344722DAE}.Debug|Any CPU.Build.0 = Debug|Any CPU
		{BE4611AC-D548-4AF5-B11B-ECE344722DAE}.Release|Any CPU.ActiveCfg = Release|Any CPU
		{BE4611AC-D548-4AF5-B11B-ECE344722DAE}.Release|Any CPU.Build.0 = Release|Any CPU
	EndGlobalSection
	GlobalSection(SolutionProperties) = preSolution
		HideSolutionNode = FALSE
	EndGlobalSection
	GlobalSection(ExtensibilityGlobals) = postSolution
		SolutionGuid = {A46EBD43-3AE3-4058-A3C4-CC83441AF370}
	EndGlobalSection
EndGlobal
